// !$*UTF8*$!
{
	archiveVersion = 1;
	classes = {
	};
	objectVersion = 50;
	objects = {

/* Begin PBXBuildFile section */
		05656B63267E14B500F4CE92 /* AppDelegate.swift in Sources */ = {isa = PBXBuildFile; fileRef = 05656B62267E14B500F4CE92 /* AppDelegate.swift */; };
		05656B65267E14B500F4CE92 /* SceneDelegate.swift in Sources */ = {isa = PBXBuildFile; fileRef = 05656B64267E14B500F4CE92 /* SceneDelegate.swift */; };
		05656B6C267E14B600F4CE92 /* Assets.xcassets in Resources */ = {isa = PBXBuildFile; fileRef = 05656B6B267E14B600F4CE92 /* Assets.xcassets */; };
		05656B6F267E14B600F4CE92 /* LaunchScreen.storyboard in Resources */ = {isa = PBXBuildFile; fileRef = 05656B6D267E14B600F4CE92 /* LaunchScreen.storyboard */; };
		05656B81267E16AB00F4CE92 /* HomeFeedPresenter.swift in Sources */ = {isa = PBXBuildFile; fileRef = 05656B7A267E16AB00F4CE92 /* HomeFeedPresenter.swift */; };
		05656B82267E16AB00F4CE92 /* HomeFeedWorker.swift in Sources */ = {isa = PBXBuildFile; fileRef = 05656B7B267E16AB00F4CE92 /* HomeFeedWorker.swift */; };
		05656B83267E16AB00F4CE92 /* HomeFeedRouter.swift in Sources */ = {isa = PBXBuildFile; fileRef = 05656B7C267E16AB00F4CE92 /* HomeFeedRouter.swift */; };
		05656B84267E16AB00F4CE92 /* HomeFeedModels.swift in Sources */ = {isa = PBXBuildFile; fileRef = 05656B7D267E16AB00F4CE92 /* HomeFeedModels.swift */; };
		05656B85267E16AB00F4CE92 /* HomeFeedViewController.swift in Sources */ = {isa = PBXBuildFile; fileRef = 05656B7E267E16AB00F4CE92 /* HomeFeedViewController.swift */; };
		05656B86267E16AB00F4CE92 /* HomeFeedInteractor.swift in Sources */ = {isa = PBXBuildFile; fileRef = 05656B7F267E16AB00F4CE92 /* HomeFeedInteractor.swift */; };
		05656B8B267E17C800F4CE92 /* APIModel.swift in Sources */ = {isa = PBXBuildFile; fileRef = 05656B8A267E17C800F4CE92 /* APIModel.swift */; };
		05656B8E267E188D00F4CE92 /* UIView+layout.swift in Sources */ = {isa = PBXBuildFile; fileRef = 05656B8D267E188D00F4CE92 /* UIView+layout.swift */; };
		05656B90267E18CA00F4CE92 /* APIService.swift in Sources */ = {isa = PBXBuildFile; fileRef = 05656B8F267E18CA00F4CE92 /* APIService.swift */; };
		05656B92267E18D400F4CE92 /* ServiceLocator.swift in Sources */ = {isa = PBXBuildFile; fileRef = 05656B91267E18D400F4CE92 /* ServiceLocator.swift */; };
		05656B94267E226900F4CE92 /* APIAlertConfig.swift in Sources */ = {isa = PBXBuildFile; fileRef = 05656B93267E226900F4CE92 /* APIAlertConfig.swift */; };
		05656B96267E234200F4CE92 /* UIViewController+Extensions.swift in Sources */ = {isa = PBXBuildFile; fileRef = 05656B95267E234200F4CE92 /* UIViewController+Extensions.swift */; };
		05656B99267E25B200F4CE92 /* HomeFeedSegmentView.swift in Sources */ = {isa = PBXBuildFile; fileRef = 05656B98267E25B200F4CE92 /* HomeFeedSegmentView.swift */; };
		05656B9B267E296E00F4CE92 /* HomeFeedTableViewCell.swift in Sources */ = {isa = PBXBuildFile; fileRef = 05656B9A267E296E00F4CE92 /* HomeFeedTableViewCell.swift */; };
		05656B9D267E331B00F4CE92 /* DataConverter.swift in Sources */ = {isa = PBXBuildFile; fileRef = 05656B9C267E331B00F4CE92 /* DataConverter.swift */; };
		05656B9F267E33EA00F4CE92 /* ApiRequest.swift in Sources */ = {isa = PBXBuildFile; fileRef = 05656B9E267E33EA00F4CE92 /* ApiRequest.swift */; };
		05656BA2267E38F100F4CE92 /* ImageLoadedView.swift in Sources */ = {isa = PBXBuildFile; fileRef = 05656BA1267E38F100F4CE92 /* ImageLoadedView.swift */; };
		05656BA4267F44C600F4CE92 /* UIScrollView+Extensions.swift in Sources */ = {isa = PBXBuildFile; fileRef = 05656BA3267F44C600F4CE92 /* UIScrollView+Extensions.swift */; };
		05656BA6267F4DA700F4CE92 /* APIError.swift in Sources */ = {isa = PBXBuildFile; fileRef = 05656BA5267F4DA700F4CE92 /* APIError.swift */; };
		05656BA8267F57BA00F4CE92 /* Sequency+Extensions.swift in Sources */ = {isa = PBXBuildFile; fileRef = 05656BA7267F57BA00F4CE92 /* Sequency+Extensions.swift */; };
		05656BAC267F99F000F4CE92 /* UIImageView+Extensions.swift in Sources */ = {isa = PBXBuildFile; fileRef = 05656BAB267F99F000F4CE92 /* UIImageView+Extensions.swift */; };
/* End PBXBuildFile section */

/* Begin PBXFileReference section */
		05656B5F267E14B500F4CE92 /* AnonymFeedTest.app */ = {isa = PBXFileReference; explicitFileType = wrapper.application; includeInIndex = 0; path = AnonymFeedTest.app; sourceTree = BUILT_PRODUCTS_DIR; };
		05656B62267E14B500F4CE92 /* AppDelegate.swift */ = {isa = PBXFileReference; lastKnownFileType = sourcecode.swift; path = AppDelegate.swift; sourceTree = "<group>"; };
		05656B64267E14B500F4CE92 /* SceneDelegate.swift */ = {isa = PBXFileReference; lastKnownFileType = sourcecode.swift; path = SceneDelegate.swift; sourceTree = "<group>"; };
		05656B6B267E14B600F4CE92 /* Assets.xcassets */ = {isa = PBXFileReference; lastKnownFileType = folder.assetcatalog; path = Assets.xcassets; sourceTree = "<group>"; };
		05656B6E267E14B600F4CE92 /* Base */ = {isa = PBXFileReference; lastKnownFileType = file.storyboard; name = Base; path = Base.lproj/LaunchScreen.storyboard; sourceTree = "<group>"; };
		05656B70267E14B600F4CE92 /* Info.plist */ = {isa = PBXFileReference; lastKnownFileType = text.plist.xml; path = Info.plist; sourceTree = "<group>"; };
		05656B7A267E16AB00F4CE92 /* HomeFeedPresenter.swift */ = {isa = PBXFileReference; lastKnownFileType = sourcecode.swift; path = HomeFeedPresenter.swift; sourceTree = "<group>"; };
		05656B7B267E16AB00F4CE92 /* HomeFeedWorker.swift */ = {isa = PBXFileReference; lastKnownFileType = sourcecode.swift; path = HomeFeedWorker.swift; sourceTree = "<group>"; };
		05656B7C267E16AB00F4CE92 /* HomeFeedRouter.swift */ = {isa = PBXFileReference; lastKnownFileType = sourcecode.swift; path = HomeFeedRouter.swift; sourceTree = "<group>"; };
		05656B7D267E16AB00F4CE92 /* HomeFeedModels.swift */ = {isa = PBXFileReference; lastKnownFileType = sourcecode.swift; path = HomeFeedModels.swift; sourceTree = "<group>"; };
		05656B7E267E16AB00F4CE92 /* HomeFeedViewController.swift */ = {isa = PBXFileReference; lastKnownFileType = sourcecode.swift; path = HomeFeedViewController.swift; sourceTree = "<group>"; };
		05656B7F267E16AB00F4CE92 /* HomeFeedInteractor.swift */ = {isa = PBXFileReference; lastKnownFileType = sourcecode.swift; path = HomeFeedInteractor.swift; sourceTree = "<group>"; };
		05656B8A267E17C800F4CE92 /* APIModel.swift */ = {isa = PBXFileReference; lastKnownFileType = sourcecode.swift; path = APIModel.swift; sourceTree = "<group>"; };
		05656B8D267E188D00F4CE92 /* UIView+layout.swift */ = {isa = PBXFileReference; lastKnownFileType = sourcecode.swift; path = "UIView+layout.swift"; sourceTree = "<group>"; };
		05656B8F267E18CA00F4CE92 /* APIService.swift */ = {isa = PBXFileReference; lastKnownFileType = sourcecode.swift; path = APIService.swift; sourceTree = "<group>"; };
		05656B91267E18D400F4CE92 /* ServiceLocator.swift */ = {isa = PBXFileReference; lastKnownFileType = sourcecode.swift; path = ServiceLocator.swift; sourceTree = "<group>"; };
		05656B93267E226900F4CE92 /* APIAlertConfig.swift */ = {isa = PBXFileReference; lastKnownFileType = sourcecode.swift; path = APIAlertConfig.swift; sourceTree = "<group>"; };
		05656B95267E234200F4CE92 /* UIViewController+Extensions.swift */ = {isa = PBXFileReference; lastKnownFileType = sourcecode.swift; path = "UIViewController+Extensions.swift"; sourceTree = "<group>"; };
		05656B98267E25B200F4CE92 /* HomeFeedSegmentView.swift */ = {isa = PBXFileReference; lastKnownFileType = sourcecode.swift; path = HomeFeedSegmentView.swift; sourceTree = "<group>"; };
		05656B9A267E296E00F4CE92 /* HomeFeedTableViewCell.swift */ = {isa = PBXFileReference; lastKnownFileType = sourcecode.swift; path = HomeFeedTableViewCell.swift; sourceTree = "<group>"; };
		05656B9C267E331B00F4CE92 /* DataConverter.swift */ = {isa = PBXFileReference; lastKnownFileType = sourcecode.swift; path = DataConverter.swift; sourceTree = "<group>"; };
		05656B9E267E33EA00F4CE92 /* ApiRequest.swift */ = {isa = PBXFileReference; lastKnownFileType = sourcecode.swift; path = ApiRequest.swift; sourceTree = "<group>"; };
		05656BA1267E38F100F4CE92 /* ImageLoadedView.swift */ = {isa = PBXFileReference; lastKnownFileType = sourcecode.swift; path = ImageLoadedView.swift; sourceTree = "<group>"; };
		05656BA3267F44C600F4CE92 /* UIScrollView+Extensions.swift */ = {isa = PBXFileReference; lastKnownFileType = sourcecode.swift; path = "UIScrollView+Extensions.swift"; sourceTree = "<group>"; };
		05656BA5267F4DA700F4CE92 /* APIError.swift */ = {isa = PBXFileReference; lastKnownFileType = sourcecode.swift; path = APIError.swift; sourceTree = "<group>"; };
		05656BA7267F57BA00F4CE92 /* Sequency+Extensions.swift */ = {isa = PBXFileReference; lastKnownFileType = sourcecode.swift; path = "Sequency+Extensions.swift"; sourceTree = "<group>"; };
		05656BAB267F99F000F4CE92 /* UIImageView+Extensions.swift */ = {isa = PBXFileReference; lastKnownFileType = sourcecode.swift; path = "UIImageView+Extensions.swift"; sourceTree = "<group>"; };
/* End PBXFileReference section */

/* Begin PBXFrameworksBuildPhase section */
		05656B5C267E14B500F4CE92 /* Frameworks */ = {
			isa = PBXFrameworksBuildPhase;
			buildActionMask = 2147483647;
			files = (
			);
			runOnlyForDeploymentPostprocessing = 0;
		};
/* End PBXFrameworksBuildPhase section */

/* Begin PBXGroup section */
		05656B56267E14B500F4CE92 = {
			isa = PBXGroup;
			children = (
				05656B61267E14B500F4CE92 /* AnonymFeedTest */,
				05656B60267E14B500F4CE92 /* Products */,
			);
			sourceTree = "<group>";
		};
		05656B60267E14B500F4CE92 /* Products */ = {
			isa = PBXGroup;
			children = (
				05656B5F267E14B500F4CE92 /* AnonymFeedTest.app */,
			);
			name = Products;
			sourceTree = "<group>";
		};
		05656B61267E14B500F4CE92 /* AnonymFeedTest */ = {
			isa = PBXGroup;
			children = (
				05656BA0267E38E300F4CE92 /* Classes */,
				05656B8C267E184B00F4CE92 /* Extensions */,
				05656B88267E17A500F4CE92 /* Services */,
				05656B77267E15B100F4CE92 /* App */,
				05656B78267E168900F4CE92 /* HomeFeed */,
				05656B79267E169000F4CE92 /* Details */,
				05656B76267E15A200F4CE92 /* Resourses */,
			);
			path = AnonymFeedTest;
			sourceTree = "<group>";
		};
		05656B76267E15A200F4CE92 /* Resourses */ = {
			isa = PBXGroup;
			children = (
				05656B6B267E14B600F4CE92 /* Assets.xcassets */,
				05656B6D267E14B600F4CE92 /* LaunchScreen.storyboard */,
				05656B70267E14B600F4CE92 /* Info.plist */,
			);
			path = Resourses;
			sourceTree = "<group>";
		};
		05656B77267E15B100F4CE92 /* App */ = {
			isa = PBXGroup;
			children = (
				05656B62267E14B500F4CE92 /* AppDelegate.swift */,
				05656B64267E14B500F4CE92 /* SceneDelegate.swift */,
			);
			path = App;
			sourceTree = "<group>";
		};
		05656B78267E168900F4CE92 /* HomeFeed */ = {
			isa = PBXGroup;
			children = (
				05656B97267E258E00F4CE92 /* Views */,
				05656B7A267E16AB00F4CE92 /* HomeFeedPresenter.swift */,
				05656B7B267E16AB00F4CE92 /* HomeFeedWorker.swift */,
				05656B7C267E16AB00F4CE92 /* HomeFeedRouter.swift */,
				05656B7D267E16AB00F4CE92 /* HomeFeedModels.swift */,
				05656B7E267E16AB00F4CE92 /* HomeFeedViewController.swift */,
				05656B7F267E16AB00F4CE92 /* HomeFeedInteractor.swift */,
			);
			path = HomeFeed;
			sourceTree = "<group>";
		};
		05656B79267E169000F4CE92 /* Details */ = {
			isa = PBXGroup;
			children = (
			);
			path = Details;
			sourceTree = "<group>";
		};
		05656B88267E17A500F4CE92 /* Services */ = {
			isa = PBXGroup;
			children = (
				05656B89267E17B900F4CE92 /* API */,
				05656B91267E18D400F4CE92 /* ServiceLocator.swift */,
				05656B9C267E331B00F4CE92 /* DataConverter.swift */,
			);
			path = Services;
			sourceTree = "<group>";
		};
		05656B89267E17B900F4CE92 /* API */ = {
			isa = PBXGroup;
			children = (
				05656B8F267E18CA00F4CE92 /* APIService.swift */,
				05656B8A267E17C800F4CE92 /* APIModel.swift */,
				05656B93267E226900F4CE92 /* APIAlertConfig.swift */,
				05656B9E267E33EA00F4CE92 /* ApiRequest.swift */,
				05656BA5267F4DA700F4CE92 /* APIError.swift */,
			);
			path = API;
			sourceTree = "<group>";
		};
		05656B8C267E184B00F4CE92 /* Extensions */ = {
			isa = PBXGroup;
			children = (
				05656B8D267E188D00F4CE92 /* UIView+layout.swift */,
				05656B95267E234200F4CE92 /* UIViewController+Extensions.swift */,
				05656BA3267F44C600F4CE92 /* UIScrollView+Extensions.swift */,
				05656BA7267F57BA00F4CE92 /* Sequency+Extensions.swift */,
				05656BAB267F99F000F4CE92 /* UIImageView+Extensions.swift */,
			);
			path = Extensions;
			sourceTree = "<group>";
		};
		05656B97267E258E00F4CE92 /* Views */ = {
			isa = PBXGroup;
			children = (
				05656B98267E25B200F4CE92 /* HomeFeedSegmentView.swift */,
				05656B9A267E296E00F4CE92 /* HomeFeedTableViewCell.swift */,
			);
			path = Views;
			sourceTree = "<group>";
		};
		05656BA0267E38E300F4CE92 /* Classes */ = {
			isa = PBXGroup;
			children = (
				05656BA1267E38F100F4CE92 /* ImageLoadedView.swift */,
			);
			path = Classes;
			sourceTree = "<group>";
		};
/* End PBXGroup section */

/* Begin PBXNativeTarget section */
		05656B5E267E14B500F4CE92 /* AnonymFeedTest */ = {
			isa = PBXNativeTarget;
			buildConfigurationList = 05656B73267E14B600F4CE92 /* Build configuration list for PBXNativeTarget "AnonymFeedTest" */;
			buildPhases = (
				05656B5B267E14B500F4CE92 /* Sources */,
				05656B5C267E14B500F4CE92 /* Frameworks */,
				05656B5D267E14B500F4CE92 /* Resources */,
			);
			buildRules = (
			);
			dependencies = (
			);
			name = AnonymFeedTest;
			productName = AnonymFeedTest;
			productReference = 05656B5F267E14B500F4CE92 /* AnonymFeedTest.app */;
			productType = "com.apple.product-type.application";
		};
/* End PBXNativeTarget section */

/* Begin PBXProject section */
		05656B57267E14B500F4CE92 /* Project object */ = {
			isa = PBXProject;
			attributes = {
				LastSwiftUpdateCheck = 1250;
				LastUpgradeCheck = 1250;
				TargetAttributes = {
					05656B5E267E14B500F4CE92 = {
						CreatedOnToolsVersion = 12.5;
					};
				};
			};
			buildConfigurationList = 05656B5A267E14B500F4CE92 /* Build configuration list for PBXProject "AnonymFeedTest" */;
			compatibilityVersion = "Xcode 9.3";
			developmentRegion = en;
			hasScannedForEncodings = 0;
			knownRegions = (
				en,
				Base,
			);
			mainGroup = 05656B56267E14B500F4CE92;
			productRefGroup = 05656B60267E14B500F4CE92 /* Products */;
			projectDirPath = "";
			projectRoot = "";
			targets = (
				05656B5E267E14B500F4CE92 /* AnonymFeedTest */,
			);
		};
/* End PBXProject section */

/* Begin PBXResourcesBuildPhase section */
		05656B5D267E14B500F4CE92 /* Resources */ = {
			isa = PBXResourcesBuildPhase;
			buildActionMask = 2147483647;
			files = (
				05656B6F267E14B600F4CE92 /* LaunchScreen.storyboard in Resources */,
				05656B6C267E14B600F4CE92 /* Assets.xcassets in Resources */,
			);
			runOnlyForDeploymentPostprocessing = 0;
		};
/* End PBXResourcesBuildPhase section */

/* Begin PBXSourcesBuildPhase section */
		05656B5B267E14B500F4CE92 /* Sources */ = {
			isa = PBXSourcesBuildPhase;
			buildActionMask = 2147483647;
			files = (
				05656B99267E25B200F4CE92 /* HomeFeedSegmentView.swift in Sources */,
				05656B92267E18D400F4CE92 /* ServiceLocator.swift in Sources */,
				05656BA8267F57BA00F4CE92 /* Sequency+Extensions.swift in Sources */,
				05656B82267E16AB00F4CE92 /* HomeFeedWorker.swift in Sources */,
				05656B94267E226900F4CE92 /* APIAlertConfig.swift in Sources */,
				05656B8B267E17C800F4CE92 /* APIModel.swift in Sources */,
				05656B84267E16AB00F4CE92 /* HomeFeedModels.swift in Sources */,
				05656B9B267E296E00F4CE92 /* HomeFeedTableViewCell.swift in Sources */,
				05656BAC267F99F000F4CE92 /* UIImageView+Extensions.swift in Sources */,
				05656BA4267F44C600F4CE92 /* UIScrollView+Extensions.swift in Sources */,
				05656B85267E16AB00F4CE92 /* HomeFeedViewController.swift in Sources */,
				05656B9D267E331B00F4CE92 /* DataConverter.swift in Sources */,
				05656B90267E18CA00F4CE92 /* APIService.swift in Sources */,
				05656B63267E14B500F4CE92 /* AppDelegate.swift in Sources */,
				05656B65267E14B500F4CE92 /* SceneDelegate.swift in Sources */,
				05656B8E267E188D00F4CE92 /* UIView+layout.swift in Sources */,
				05656B96267E234200F4CE92 /* UIViewController+Extensions.swift in Sources */,
				05656B9F267E33EA00F4CE92 /* ApiRequest.swift in Sources */,
				05656B86267E16AB00F4CE92 /* HomeFeedInteractor.swift in Sources */,
				05656B81267E16AB00F4CE92 /* HomeFeedPresenter.swift in Sources */,
				05656B83267E16AB00F4CE92 /* HomeFeedRouter.swift in Sources */,
				05656BA2267E38F100F4CE92 /* ImageLoadedView.swift in Sources */,
				05656BA6267F4DA700F4CE92 /* APIError.swift in Sources */,
			);
			runOnlyForDeploymentPostprocessing = 0;
		};
/* End PBXSourcesBuildPhase section */

/* Begin PBXVariantGroup section */
		05656B6D267E14B600F4CE92 /* LaunchScreen.storyboard */ = {
			isa = PBXVariantGroup;
			children = (
				05656B6E267E14B600F4CE92 /* Base */,
			);
			name = LaunchScreen.storyboard;
			sourceTree = "<group>";
		};
/* End PBXVariantGroup section */

/* Begin XCBuildConfiguration section */
		05656B71267E14B600F4CE92 /* Debug */ = {
			isa = XCBuildConfiguration;
			buildSettings = {
				ALWAYS_SEARCH_USER_PATHS = NO;
				CLANG_ANALYZER_NONNULL = YES;
				CLANG_ANALYZER_NUMBER_OBJECT_CONVERSION = YES_AGGRESSIVE;
				CLANG_CXX_LANGUAGE_STANDARD = "gnu++14";
				CLANG_CXX_LIBRARY = "libc++";
				CLANG_ENABLE_MODULES = YES;
				CLANG_ENABLE_OBJC_ARC = YES;
				CLANG_ENABLE_OBJC_WEAK = YES;
				CLANG_WARN_BLOCK_CAPTURE_AUTORELEASING = YES;
				CLANG_WARN_BOOL_CONVERSION = YES;
				CLANG_WARN_COMMA = YES;
				CLANG_WARN_CONSTANT_CONVERSION = YES;
				CLANG_WARN_DEPRECATED_OBJC_IMPLEMENTATIONS = YES;
				CLANG_WARN_DIRECT_OBJC_ISA_USAGE = YES_ERROR;
				CLANG_WARN_DOCUMENTATION_COMMENTS = YES;
				CLANG_WARN_EMPTY_BODY = YES;
				CLANG_WARN_ENUM_CONVERSION = YES;
				CLANG_WARN_INFINITE_RECURSION = YES;
				CLANG_WARN_INT_CONVERSION = YES;
				CLANG_WARN_NON_LITERAL_NULL_CONVERSION = YES;
				CLANG_WARN_OBJC_IMPLICIT_RETAIN_SELF = YES;
				CLANG_WARN_OBJC_LITERAL_CONVERSION = YES;
				CLANG_WARN_OBJC_ROOT_CLASS = YES_ERROR;
				CLANG_WARN_QUOTED_INCLUDE_IN_FRAMEWORK_HEADER = YES;
				CLANG_WARN_RANGE_LOOP_ANALYSIS = YES;
				CLANG_WARN_STRICT_PROTOTYPES = YES;
				CLANG_WARN_SUSPICIOUS_MOVE = YES;
				CLANG_WARN_UNGUARDED_AVAILABILITY = YES_AGGRESSIVE;
				CLANG_WARN_UNREACHABLE_CODE = YES;
				CLANG_WARN__DUPLICATE_METHOD_MATCH = YES;
				COPY_PHASE_STRIP = NO;
				DEBUG_INFORMATION_FORMAT = dwarf;
				ENABLE_STRICT_OBJC_MSGSEND = YES;
				ENABLE_TESTABILITY = YES;
				GCC_C_LANGUAGE_STANDARD = gnu11;
				GCC_DYNAMIC_NO_PIC = NO;
				GCC_NO_COMMON_BLOCKS = YES;
				GCC_OPTIMIZATION_LEVEL = 0;
				GCC_PREPROCESSOR_DEFINITIONS = (
					"DEBUG=1",
					"$(inherited)",
				);
				GCC_WARN_64_TO_32_BIT_CONVERSION = YES;
				GCC_WARN_ABOUT_RETURN_TYPE = YES_ERROR;
				GCC_WARN_UNDECLARED_SELECTOR = YES;
				GCC_WARN_UNINITIALIZED_AUTOS = YES_AGGRESSIVE;
				GCC_WARN_UNUSED_FUNCTION = YES;
				GCC_WARN_UNUSED_VARIABLE = YES;
				IPHONEOS_DEPLOYMENT_TARGET = 13.0;
				MTL_ENABLE_DEBUG_INFO = INCLUDE_SOURCE;
				MTL_FAST_MATH = YES;
				ONLY_ACTIVE_ARCH = YES;
				SDKROOT = iphoneos;
				SWIFT_ACTIVE_COMPILATION_CONDITIONS = DEBUG;
				SWIFT_OPTIMIZATION_LEVEL = "-Onone";
			};
			name = Debug;
		};
		05656B72267E14B600F4CE92 /* Release */ = {
			isa = XCBuildConfiguration;
			buildSettings = {
				ALWAYS_SEARCH_USER_PATHS = NO;
				CLANG_ANALYZER_NONNULL = YES;
				CLANG_ANALYZER_NUMBER_OBJECT_CONVERSION = YES_AGGRESSIVE;
				CLANG_CXX_LANGUAGE_STANDARD = "gnu++14";
				CLANG_CXX_LIBRARY = "libc++";
				CLANG_ENABLE_MODULES = YES;
				CLANG_ENABLE_OBJC_ARC = YES;
				CLANG_ENABLE_OBJC_WEAK = YES;
				CLANG_WARN_BLOCK_CAPTURE_AUTORELEASING = YES;
				CLANG_WARN_BOOL_CONVERSION = YES;
				CLANG_WARN_COMMA = YES;
				CLANG_WARN_CONSTANT_CONVERSION = YES;
				CLANG_WARN_DEPRECATED_OBJC_IMPLEMENTATIONS = YES;
				CLANG_WARN_DIRECT_OBJC_ISA_USAGE = YES_ERROR;
				CLANG_WARN_DOCUMENTATION_COMMENTS = YES;
				CLANG_WARN_EMPTY_BODY = YES;
				CLANG_WARN_ENUM_CONVERSION = YES;
				CLANG_WARN_INFINITE_RECURSION = YES;
				CLANG_WARN_INT_CONVERSION = YES;
				CLANG_WARN_NON_LITERAL_NULL_CONVERSION = YES;
				CLANG_WARN_OBJC_IMPLICIT_RETAIN_SELF = YES;
				CLANG_WARN_OBJC_LITERAL_CONVERSION = YES;
				CLANG_WARN_OBJC_ROOT_CLASS = YES_ERROR;
				CLANG_WARN_QUOTED_INCLUDE_IN_FRAMEWORK_HEADER = YES;
				CLANG_WARN_RANGE_LOOP_ANALYSIS = YES;
				CLANG_WARN_STRICT_PROTOTYPES = YES;
				CLANG_WARN_SUSPICIOUS_MOVE = YES;
				CLANG_WARN_UNGUARDED_AVAILABILITY = YES_AGGRESSIVE;
				CLANG_WARN_UNREACHABLE_CODE = YES;
				CLANG_WARN__DUPLICATE_METHOD_MATCH = YES;
				COPY_PHASE_STRIP = NO;
				DEBUG_INFORMATION_FORMAT = "dwarf-with-dsym";
				ENABLE_NS_ASSERTIONS = NO;
				ENABLE_STRICT_OBJC_MSGSEND = YES;
				GCC_C_LANGUAGE_STANDARD = gnu11;
				GCC_NO_COMMON_BLOCKS = YES;
				GCC_WARN_64_TO_32_BIT_CONVERSION = YES;
				GCC_WARN_ABOUT_RETURN_TYPE = YES_ERROR;
				GCC_WARN_UNDECLARED_SELECTOR = YES;
				GCC_WARN_UNINITIALIZED_AUTOS = YES_AGGRESSIVE;
				GCC_WARN_UNUSED_FUNCTION = YES;
				GCC_WARN_UNUSED_VARIABLE = YES;
				IPHONEOS_DEPLOYMENT_TARGET = 13.0;
				MTL_ENABLE_DEBUG_INFO = NO;
				MTL_FAST_MATH = YES;
				SDKROOT = iphoneos;
				SWIFT_COMPILATION_MODE = wholemodule;
				SWIFT_OPTIMIZATION_LEVEL = "-O";
				VALIDATE_PRODUCT = YES;
			};
			name = Release;
		};
		05656B74267E14B600F4CE92 /* Debug */ = {
			isa = XCBuildConfiguration;
			buildSettings = {
				ASSETCATALOG_COMPILER_APPICON_NAME = AppIcon;
				ASSETCATALOG_COMPILER_GLOBAL_ACCENT_COLOR_NAME = AccentColor;
				CODE_SIGN_STYLE = Automatic;
				DEVELOPMENT_TEAM = 3LH58YF246;
				INFOPLIST_FILE = AnonymFeedTest/Resourses/Info.plist;
				LD_RUNPATH_SEARCH_PATHS = (
					"$(inherited)",
					"@executable_path/Frameworks",
				);
				PRODUCT_BUNDLE_IDENTIFIER = "pavel-mishagin.com.AnonymFeedTest";
				PRODUCT_NAME = "$(TARGET_NAME)";
				SWIFT_VERSION = 5.0;
				TARGETED_DEVICE_FAMILY = 1;
			};
			name = Debug;
		};
		05656B75267E14B600F4CE92 /* Release */ = {
			isa = XCBuildConfiguration;
			buildSettings = {
				ASSETCATALOG_COMPILER_APPICON_NAME = AppIcon;
				ASSETCATALOG_COMPILER_GLOBAL_ACCENT_COLOR_NAME = AccentColor;
				CODE_SIGN_STYLE = Automatic;
				DEVELOPMENT_TEAM = 3LH58YF246;
				INFOPLIST_FILE = AnonymFeedTest/Resourses/Info.plist;
				LD_RUNPATH_SEARCH_PATHS = (
					"$(inherited)",
					"@executable_path/Frameworks",
				);
				PRODUCT_BUNDLE_IDENTIFIER = "pavel-mishagin.com.AnonymFeedTest";
				PRODUCT_NAME = "$(TARGET_NAME)";
				SWIFT_VERSION = 5.0;
				TARGETED_DEVICE_FAMILY = 1;
			};
			name = Release;
		};
/* End XCBuildConfiguration section */

/* Begin XCConfigurationList section */
		05656B5A267E14B500F4CE92 /* Build configuration list for PBXProject "AnonymFeedTest" */ = {
			isa = XCConfigurationList;
			buildConfigurations = (
				05656B71267E14B600F4CE92 /* Debug */,
				05656B72267E14B600F4CE92 /* Release */,
			);
			defaultConfigurationIsVisible = 0;
			defaultConfigurationName = Release;
		};
		05656B73267E14B600F4CE92 /* Build configuration list for PBXNativeTarget "AnonymFeedTest" */ = {
			isa = XCConfigurationList;
			buildConfigurations = (
				05656B74267E14B600F4CE92 /* Debug */,
				05656B75267E14B600F4CE92 /* Release */,
			);
			defaultConfigurationIsVisible = 0;
			defaultConfigurationName = Release;
		};
/* End XCConfigurationList section */
	};
	rootObject = 05656B57267E14B500F4CE92 /* Project object */;
}
